// !$*UTF8*$!
{
	archiveVersion = 1;
	classes = {
	};
	objectVersion = 56;
	objects = {

/* Begin PBXBuildFile section */
		B1336ECF2C683AF1003C632E /* probable_nodeApp.swift in Sources */ = {isa = PBXBuildFile; fileRef = B1336ECE2C683AF1003C632E /* probable_nodeApp.swift */; };
		B1336ED12C683AF1003C632E /* ContentView.swift in Sources */ = {isa = PBXBuildFile; fileRef = B1336ED02C683AF1003C632E /* ContentView.swift */; };
		B1336ED32C683AF1003C632E /* Item.swift in Sources */ = {isa = PBXBuildFile; fileRef = B1336ED22C683AF1003C632E /* Item.swift */; };
		B1336ED52C683AF2003C632E /* Assets.xcassets in Resources */ = {isa = PBXBuildFile; fileRef = B1336ED42C683AF2003C632E /* Assets.xcassets */; };
		B1336ED82C683AF2003C632E /* Preview Assets.xcassets in Resources */ = {isa = PBXBuildFile; fileRef = B1336ED72C683AF2003C632E /* Preview Assets.xcassets */; };
		B1336EDF2C683B7E003C632E /* SocketIO.swift in Sources */ = {isa = PBXBuildFile; fileRef = B1336EDE2C683B7E003C632E /* SocketIO.swift */; };
		B1336EE22C683BB4003C632E /* SocketIO in Frameworks */ = {isa = PBXBuildFile; productRef = B1336EE12C683BB4003C632E /* SocketIO */; };
		B138EBA12C6843B7000C0A98 /* AWSCore in Frameworks */ = {isa = PBXBuildFile; productRef = B138EBA02C6843B7000C0A98 /* AWSCore */; };
		B138EBA32C6843B7000C0A98 /* AWSDynamoDB in Frameworks */ = {isa = PBXBuildFile; productRef = B138EBA22C6843B7000C0A98 /* AWSDynamoDB */; };
		B138EBA52C6843B7000C0A98 /* AWSRekognition in Frameworks */ = {isa = PBXBuildFile; productRef = B138EBA42C6843B7000C0A98 /* AWSRekognition */; };
		B138EBA72C6843B7000C0A98 /* AWSS3 in Frameworks */ = {isa = PBXBuildFile; productRef = B138EBA62C6843B7000C0A98 /* AWSS3 */; };
		B138EBAA2C684430000C0A98 /* ImageRekognition.swift in Sources */ = {isa = PBXBuildFile; fileRef = B138EBA92C684430000C0A98 /* ImageRekognition.swift */; };
		B138EBAC2C6865D7000C0A98 /* AWS.plist in Resources */ = {isa = PBXBuildFile; fileRef = B138EBAB2C6865D7000C0A98 /* AWS.plist */; };
		B138EBB02C697192000C0A98 /* GitHub.plist in Resources */ = {isa = PBXBuildFile; fileRef = B138EBAF2C697192000C0A98 /* GitHub.plist */; };
		B138EBB32C69727C000C0A98 /* GitStats.swift in Sources */ = {isa = PBXBuildFile; fileRef = B138EBB22C69727C000C0A98 /* GitStats.swift */; };
		B138EBB52C697C2D000C0A98 /* ghUserModel.swift in Sources */ = {isa = PBXBuildFile; fileRef = B138EBB42C697C2D000C0A98 /* ghUserModel.swift */; };
		B138EBB72C697C7E000C0A98 /* GitHubViewModel.swift in Sources */ = {isa = PBXBuildFile; fileRef = B138EBB62C697C7E000C0A98 /* GitHubViewModel.swift */; };
		D6365242CAB6554F1BF77F5B /* Pods_probable_node.framework in Frameworks */ = {isa = PBXBuildFile; fileRef = 53B6FC0281ED30BDDAC2003F /* Pods_probable_node.framework */; };
/* End PBXBuildFile section */

/* Begin PBXFileReference section */
		3A523BD7BCBF1B0058366CD1 /* Pods-probable-node.debug.xcconfig */ = {isa = PBXFileReference; includeInIndex = 1; lastKnownFileType = text.xcconfig; name = "Pods-probable-node.debug.xcconfig"; path = "Target Support Files/Pods-probable-node/Pods-probable-node.debug.xcconfig"; sourceTree = "<group>"; };
		53B6FC0281ED30BDDAC2003F /* Pods_probable_node.framework */ = {isa = PBXFileReference; explicitFileType = wrapper.framework; includeInIndex = 0; path = Pods_probable_node.framework; sourceTree = BUILT_PRODUCTS_DIR; };
		B1336ECB2C683AF1003C632E /* probable-node.app */ = {isa = PBXFileReference; explicitFileType = wrapper.application; includeInIndex = 0; path = "probable-node.app"; sourceTree = BUILT_PRODUCTS_DIR; };
		B1336ECE2C683AF1003C632E /* probable_nodeApp.swift */ = {isa = PBXFileReference; lastKnownFileType = sourcecode.swift; path = probable_nodeApp.swift; sourceTree = "<group>"; };
		B1336ED02C683AF1003C632E /* ContentView.swift */ = {isa = PBXFileReference; lastKnownFileType = sourcecode.swift; path = ContentView.swift; sourceTree = "<group>"; };
		B1336ED22C683AF1003C632E /* Item.swift */ = {isa = PBXFileReference; lastKnownFileType = sourcecode.swift; path = Item.swift; sourceTree = "<group>"; };
		B1336ED42C683AF2003C632E /* Assets.xcassets */ = {isa = PBXFileReference; lastKnownFileType = folder.assetcatalog; path = Assets.xcassets; sourceTree = "<group>"; };
		B1336ED72C683AF2003C632E /* Preview Assets.xcassets */ = {isa = PBXFileReference; lastKnownFileType = folder.assetcatalog; path = "Preview Assets.xcassets"; sourceTree = "<group>"; };
		B1336EDE2C683B7E003C632E /* SocketIO.swift */ = {isa = PBXFileReference; lastKnownFileType = sourcecode.swift; path = SocketIO.swift; sourceTree = "<group>"; };
		B138EBA92C684430000C0A98 /* ImageRekognition.swift */ = {isa = PBXFileReference; lastKnownFileType = sourcecode.swift; path = ImageRekognition.swift; sourceTree = "<group>"; };
		B138EBAB2C6865D7000C0A98 /* AWS.plist */ = {isa = PBXFileReference; lastKnownFileType = text.plist.xml; path = AWS.plist; sourceTree = "<group>"; };
		B138EBAF2C697192000C0A98 /* GitHub.plist */ = {isa = PBXFileReference; lastKnownFileType = text.plist.xml; path = GitHub.plist; sourceTree = "<group>"; };
		B138EBB22C69727C000C0A98 /* GitStats.swift */ = {isa = PBXFileReference; lastKnownFileType = sourcecode.swift; path = GitStats.swift; sourceTree = "<group>"; };
		B138EBB42C697C2D000C0A98 /* ghUserModel.swift */ = {isa = PBXFileReference; lastKnownFileType = sourcecode.swift; path = ghUserModel.swift; sourceTree = "<group>"; };
		B138EBB62C697C7E000C0A98 /* GitHubViewModel.swift */ = {isa = PBXFileReference; lastKnownFileType = sourcecode.swift; path = GitHubViewModel.swift; sourceTree = "<group>"; };
		F3A7AB539898021E3B057914 /* Pods-probable-node.release.xcconfig */ = {isa = PBXFileReference; includeInIndex = 1; lastKnownFileType = text.xcconfig; name = "Pods-probable-node.release.xcconfig"; path = "Target Support Files/Pods-probable-node/Pods-probable-node.release.xcconfig"; sourceTree = "<group>"; };
/* End PBXFileReference section */

/* Begin PBXFrameworksBuildPhase section */
		B1336EC82C683AF1003C632E /* Frameworks */ = {
			isa = PBXFrameworksBuildPhase;
			buildActionMask = 2147483647;
			files = (
				B138EBA72C6843B7000C0A98 /* AWSS3 in Frameworks */,
				B138EBA52C6843B7000C0A98 /* AWSRekognition in Frameworks */,
				B138EBA32C6843B7000C0A98 /* AWSDynamoDB in Frameworks */,
				B138EBA12C6843B7000C0A98 /* AWSCore in Frameworks */,
				B1336EE22C683BB4003C632E /* SocketIO in Frameworks */,
				D6365242CAB6554F1BF77F5B /* Pods_probable_node.framework in Frameworks */,
			);
			runOnlyForDeploymentPostprocessing = 0;
		};
/* End PBXFrameworksBuildPhase section */

/* Begin PBXGroup section */
		5771B46A6523472D56B4F2A0 /* Frameworks */ = {
			isa = PBXGroup;
			children = (
				53B6FC0281ED30BDDAC2003F /* Pods_probable_node.framework */,
			);
			name = Frameworks;
			sourceTree = "<group>";
		};
		B1336EC22C683AF1003C632E = {
			isa = PBXGroup;
			children = (
				B1336ECD2C683AF1003C632E /* probable-node */,
				B1336ECC2C683AF1003C632E /* Products */,
				C08A3266BBA39CF14D52F463 /* Pods */,
				5771B46A6523472D56B4F2A0 /* Frameworks */,
			);
			sourceTree = "<group>";
		};
		B1336ECC2C683AF1003C632E /* Products */ = {
			isa = PBXGroup;
			children = (
				B1336ECB2C683AF1003C632E /* probable-node.app */,
			);
			name = Products;
			sourceTree = "<group>";
		};
		B1336ECD2C683AF1003C632E /* probable-node */ = {
			isa = PBXGroup;
			children = (
				B1336ECE2C683AF1003C632E /* probable_nodeApp.swift */,
				B138EBAB2C6865D7000C0A98 /* AWS.plist */,
				B138EBAF2C697192000C0A98 /* GitHub.plist */,
				B1336ED02C683AF1003C632E /* ContentView.swift */,
				B138EBB12C69726B000C0A98 /* GitHub */,
				B1336EDE2C683B7E003C632E /* SocketIO.swift */,
				B138EBA82C684420000C0A98 /* Rekognition */,
				B1336ED22C683AF1003C632E /* Item.swift */,
				B1336ED42C683AF2003C632E /* Assets.xcassets */,
				B1336ED62C683AF2003C632E /* Preview Content */,
			);
			path = "probable-node";
			sourceTree = "<group>";
		};
		B1336ED62C683AF2003C632E /* Preview Content */ = {
			isa = PBXGroup;
			children = (
				B1336ED72C683AF2003C632E /* Preview Assets.xcassets */,
			);
			path = "Preview Content";
			sourceTree = "<group>";
		};
		B138EBA82C684420000C0A98 /* Rekognition */ = {
			isa = PBXGroup;
			children = (
				B138EBA92C684430000C0A98 /* ImageRekognition.swift */,
			);
			path = Rekognition;
			sourceTree = "<group>";
		};
		B138EBB12C69726B000C0A98 /* GitHub */ = {
			isa = PBXGroup;
			children = (
				B138EBB22C69727C000C0A98 /* GitStats.swift */,
				B138EBB42C697C2D000C0A98 /* ghUserModel.swift */,
				B138EBB62C697C7E000C0A98 /* GitHubViewModel.swift */,
			);
			path = GitHub;
			sourceTree = "<group>";
		};
		C08A3266BBA39CF14D52F463 /* Pods */ = {
			isa = PBXGroup;
			children = (
				3A523BD7BCBF1B0058366CD1 /* Pods-probable-node.debug.xcconfig */,
				F3A7AB539898021E3B057914 /* Pods-probable-node.release.xcconfig */,
			);
			path = Pods;
			sourceTree = "<group>";
		};
/* End PBXGroup section */

/* Begin PBXNativeTarget section */
		B1336ECA2C683AF1003C632E /* probable-node */ = {
			isa = PBXNativeTarget;
			buildConfigurationList = B1336EDB2C683AF2003C632E /* Build configuration list for PBXNativeTarget "probable-node" */;
			buildPhases = (
				3182E708066755440C29AAF6 /* [CP] Check Pods Manifest.lock */,
				B1336EC72C683AF1003C632E /* Sources */,
				B1336EC82C683AF1003C632E /* Frameworks */,
				B1336EC92C683AF1003C632E /* Resources */,
			);
			buildRules = (
			);
			dependencies = (
			);
			name = "probable-node";
			packageProductDependencies = (
				B1336EE12C683BB4003C632E /* SocketIO */,
				B138EBA02C6843B7000C0A98 /* AWSCore */,
				B138EBA22C6843B7000C0A98 /* AWSDynamoDB */,
				B138EBA42C6843B7000C0A98 /* AWSRekognition */,
				B138EBA62C6843B7000C0A98 /* AWSS3 */,
			);
			productName = "probable-node";
			productReference = B1336ECB2C683AF1003C632E /* probable-node.app */;
			productType = "com.apple.product-type.application";
		};
/* End PBXNativeTarget section */

/* Begin PBXProject section */
		B1336EC32C683AF1003C632E /* Project object */ = {
			isa = PBXProject;
			attributes = {
				BuildIndependentTargetsInParallel = 1;
				LastSwiftUpdateCheck = 1540;
				LastUpgradeCheck = 1540;
				TargetAttributes = {
					B1336ECA2C683AF1003C632E = {
						CreatedOnToolsVersion = 15.4;
					};
				};
			};
			buildConfigurationList = B1336EC62C683AF1003C632E /* Build configuration list for PBXProject "probable-node" */;
			compatibilityVersion = "Xcode 14.0";
			developmentRegion = en;
			hasScannedForEncodings = 0;
			knownRegions = (
				en,
				Base,
			);
			mainGroup = B1336EC22C683AF1003C632E;
			packageReferences = (
				B1336EE02C683BB4003C632E /* XCRemoteSwiftPackageReference "socket" */,
				B138EB9F2C6843B7000C0A98 /* XCRemoteSwiftPackageReference "aws-sdk-ios-spm" */,
			);
			productRefGroup = B1336ECC2C683AF1003C632E /* Products */;
			projectDirPath = "";
			projectRoot = "";
			targets = (
				B1336ECA2C683AF1003C632E /* probable-node */,
			);
		};
/* End PBXProject section */

/* Begin PBXResourcesBuildPhase section */
		B1336EC92C683AF1003C632E /* Resources */ = {
			isa = PBXResourcesBuildPhase;
			buildActionMask = 2147483647;
			files = (
				B138EBAC2C6865D7000C0A98 /* AWS.plist in Resources */,
				B138EBB02C697192000C0A98 /* GitHub.plist in Resources */,
				B1336ED82C683AF2003C632E /* Preview Assets.xcassets in Resources */,
				B1336ED52C683AF2003C632E /* Assets.xcassets in Resources */,
			);
			runOnlyForDeploymentPostprocessing = 0;
		};
/* End PBXResourcesBuildPhase section */

/* Begin PBXShellScriptBuildPhase section */
		3182E708066755440C29AAF6 /* [CP] Check Pods Manifest.lock */ = {
			isa = PBXShellScriptBuildPhase;
			buildActionMask = 2147483647;
			files = (
			);
			inputFileListPaths = (
			);
			inputPaths = (
				"${PODS_PODFILE_DIR_PATH}/Podfile.lock",
				"${PODS_ROOT}/Manifest.lock",
			);
			name = "[CP] Check Pods Manifest.lock";
			outputFileListPaths = (
			);
			outputPaths = (
				"$(DERIVED_FILE_DIR)/Pods-probable-node-checkManifestLockResult.txt",
			);
			runOnlyForDeploymentPostprocessing = 0;
			shellPath = /bin/sh;
			shellScript = "diff \"${PODS_PODFILE_DIR_PATH}/Podfile.lock\" \"${PODS_ROOT}/Manifest.lock\" > /dev/null\nif [ $? != 0 ] ; then\n    # print error to STDERR\n    echo \"error: The sandbox is not in sync with the Podfile.lock. Run 'pod install' or update your CocoaPods installation.\" >&2\n    exit 1\nfi\n# This output is used by Xcode 'outputs' to avoid re-running this script phase.\necho \"SUCCESS\" > \"${SCRIPT_OUTPUT_FILE_0}\"\n";
			showEnvVarsInLog = 0;
		};
/* End PBXShellScriptBuildPhase section */

/* Begin PBXSourcesBuildPhase section */
		B1336EC72C683AF1003C632E /* Sources */ = {
			isa = PBXSourcesBuildPhase;
			buildActionMask = 2147483647;
			files = (
				B1336ED12C683AF1003C632E /* ContentView.swift in Sources */,
				B1336ED32C683AF1003C632E /* Item.swift in Sources */,
				B138EBB32C69727C000C0A98 /* GitStats.swift in Sources */,
				B138EBAA2C684430000C0A98 /* ImageRekognition.swift in Sources */,
				B1336EDF2C683B7E003C632E /* SocketIO.swift in Sources */,
				B1336ECF2C683AF1003C632E /* probable_nodeApp.swift in Sources */,
				B138EBB52C697C2D000C0A98 /* ghUserModel.swift in Sources */,
				B138EBB72C697C7E000C0A98 /* GitHubViewModel.swift in Sources */,
			);
			runOnlyForDeploymentPostprocessing = 0;
		};
/* End PBXSourcesBuildPhase section */

/* Begin XCBuildConfiguration section */
		B1336ED92C683AF2003C632E /* Debug */ = {
			isa = XCBuildConfiguration;
			buildSettings = {
				ALWAYS_SEARCH_USER_PATHS = NO;
				ASSETCATALOG_COMPILER_GENERATE_SWIFT_ASSET_SYMBOL_EXTENSIONS = YES;
				CLANG_ANALYZER_NONNULL = YES;
				CLANG_ANALYZER_NUMBER_OBJECT_CONVERSION = YES_AGGRESSIVE;
				CLANG_CXX_LANGUAGE_STANDARD = "gnu++20";
				CLANG_ENABLE_MODULES = YES;
				CLANG_ENABLE_OBJC_ARC = YES;
				CLANG_ENABLE_OBJC_WEAK = YES;
				CLANG_WARN_BLOCK_CAPTURE_AUTORELEASING = YES;
				CLANG_WARN_BOOL_CONVERSION = YES;
				CLANG_WARN_COMMA = YES;
				CLANG_WARN_CONSTANT_CONVERSION = YES;
				CLANG_WARN_DEPRECATED_OBJC_IMPLEMENTATIONS = YES;
				CLANG_WARN_DIRECT_OBJC_ISA_USAGE = YES_ERROR;
				CLANG_WARN_DOCUMENTATION_COMMENTS = YES;
				CLANG_WARN_EMPTY_BODY = YES;
				CLANG_WARN_ENUM_CONVERSION = YES;
				CLANG_WARN_INFINITE_RECURSION = YES;
				CLANG_WARN_INT_CONVERSION = YES;
				CLANG_WARN_NON_LITERAL_NULL_CONVERSION = YES;
				CLANG_WARN_OBJC_IMPLICIT_RETAIN_SELF = YES;
				CLANG_WARN_OBJC_LITERAL_CONVERSION = YES;
				CLANG_WARN_OBJC_ROOT_CLASS = YES_ERROR;
				CLANG_WARN_QUOTED_INCLUDE_IN_FRAMEWORK_HEADER = YES;
				CLANG_WARN_RANGE_LOOP_ANALYSIS = YES;
				CLANG_WARN_STRICT_PROTOTYPES = YES;
				CLANG_WARN_SUSPICIOUS_MOVE = YES;
				CLANG_WARN_UNGUARDED_AVAILABILITY = YES_AGGRESSIVE;
				CLANG_WARN_UNREACHABLE_CODE = YES;
				CLANG_WARN__DUPLICATE_METHOD_MATCH = YES;
				COPY_PHASE_STRIP = NO;
				DEBUG_INFORMATION_FORMAT = dwarf;
				ENABLE_STRICT_OBJC_MSGSEND = YES;
				ENABLE_TESTABILITY = YES;
				ENABLE_USER_SCRIPT_SANDBOXING = YES;
				GCC_C_LANGUAGE_STANDARD = gnu17;
				GCC_DYNAMIC_NO_PIC = NO;
				GCC_NO_COMMON_BLOCKS = YES;
				GCC_OPTIMIZATION_LEVEL = 0;
				GCC_PREPROCESSOR_DEFINITIONS = (
					"DEBUG=1",
					"$(inherited)",
				);
				GCC_WARN_64_TO_32_BIT_CONVERSION = YES;
				GCC_WARN_ABOUT_RETURN_TYPE = YES_ERROR;
				GCC_WARN_UNDECLARED_SELECTOR = YES;
				GCC_WARN_UNINITIALIZED_AUTOS = YES_AGGRESSIVE;
				GCC_WARN_UNUSED_FUNCTION = YES;
				GCC_WARN_UNUSED_VARIABLE = YES;
				IPHONEOS_DEPLOYMENT_TARGET = 17.5;
				LOCALIZATION_PREFERS_STRING_CATALOGS = YES;
				MTL_ENABLE_DEBUG_INFO = INCLUDE_SOURCE;
				MTL_FAST_MATH = YES;
				ONLY_ACTIVE_ARCH = YES;
				SDKROOT = iphoneos;
				SWIFT_ACTIVE_COMPILATION_CONDITIONS = "DEBUG $(inherited)";
				SWIFT_OPTIMIZATION_LEVEL = "-Onone";
			};
			name = Debug;
		};
		B1336EDA2C683AF2003C632E /* Release */ = {
			isa = XCBuildConfiguration;
			buildSettings = {
				ALWAYS_SEARCH_USER_PATHS = NO;
				ASSETCATALOG_COMPILER_GENERATE_SWIFT_ASSET_SYMBOL_EXTENSIONS = YES;
				CLANG_ANALYZER_NONNULL = YES;
				CLANG_ANALYZER_NUMBER_OBJECT_CONVERSION = YES_AGGRESSIVE;
				CLANG_CXX_LANGUAGE_STANDARD = "gnu++20";
				CLANG_ENABLE_MODULES = YES;
				CLANG_ENABLE_OBJC_ARC = YES;
				CLANG_ENABLE_OBJC_WEAK = YES;
				CLANG_WARN_BLOCK_CAPTURE_AUTORELEASING = YES;
				CLANG_WARN_BOOL_CONVERSION = YES;
				CLANG_WARN_COMMA = YES;
				CLANG_WARN_CONSTANT_CONVERSION = YES;
				CLANG_WARN_DEPRECATED_OBJC_IMPLEMENTATIONS = YES;
				CLANG_WARN_DIRECT_OBJC_ISA_USAGE = YES_ERROR;
				CLANG_WARN_DOCUMENTATION_COMMENTS = YES;
				CLANG_WARN_EMPTY_BODY = YES;
				CLANG_WARN_ENUM_CONVERSION = YES;
				CLANG_WARN_INFINITE_RECURSION = YES;
				CLANG_WARN_INT_CONVERSION = YES;
				CLANG_WARN_NON_LITERAL_NULL_CONVERSION = YES;
				CLANG_WARN_OBJC_IMPLICIT_RETAIN_SELF = YES;
				CLANG_WARN_OBJC_LITERAL_CONVERSION = YES;
				CLANG_WARN_OBJC_ROOT_CLASS = YES_ERROR;
				CLANG_WARN_QUOTED_INCLUDE_IN_FRAMEWORK_HEADER = YES;
				CLANG_WARN_RANGE_LOOP_ANALYSIS = YES;
				CLANG_WARN_STRICT_PROTOTYPES = YES;
				CLANG_WARN_SUSPICIOUS_MOVE = YES;
				CLANG_WARN_UNGUARDED_AVAILABILITY = YES_AGGRESSIVE;
				CLANG_WARN_UNREACHABLE_CODE = YES;
				CLANG_WARN__DUPLICATE_METHOD_MATCH = YES;
				COPY_PHASE_STRIP = NO;
				DEBUG_INFORMATION_FORMAT = "dwarf-with-dsym";
				ENABLE_NS_ASSERTIONS = NO;
				ENABLE_STRICT_OBJC_MSGSEND = YES;
				ENABLE_USER_SCRIPT_SANDBOXING = YES;
				GCC_C_LANGUAGE_STANDARD = gnu17;
				GCC_NO_COMMON_BLOCKS = YES;
				GCC_WARN_64_TO_32_BIT_CONVERSION = YES;
				GCC_WARN_ABOUT_RETURN_TYPE = YES_ERROR;
				GCC_WARN_UNDECLARED_SELECTOR = YES;
				GCC_WARN_UNINITIALIZED_AUTOS = YES_AGGRESSIVE;
				GCC_WARN_UNUSED_FUNCTION = YES;
				GCC_WARN_UNUSED_VARIABLE = YES;
				IPHONEOS_DEPLOYMENT_TARGET = 17.5;
				LOCALIZATION_PREFERS_STRING_CATALOGS = YES;
				MTL_ENABLE_DEBUG_INFO = NO;
				MTL_FAST_MATH = YES;
				SDKROOT = iphoneos;
				SWIFT_COMPILATION_MODE = wholemodule;
				VALIDATE_PRODUCT = YES;
			};
			name = Release;
		};
		B1336EDC2C683AF2003C632E /* Debug */ = {
			isa = XCBuildConfiguration;
			baseConfigurationReference = 3A523BD7BCBF1B0058366CD1 /* Pods-probable-node.debug.xcconfig */;
			buildSettings = {
				ASSETCATALOG_COMPILER_APPICON_NAME = AppIcon;
				ASSETCATALOG_COMPILER_GLOBAL_ACCENT_COLOR_NAME = AccentColor;
				CODE_SIGN_STYLE = Automatic;
				CURRENT_PROJECT_VERSION = 1;
				DEVELOPMENT_ASSET_PATHS = "\"probable-node/Preview Content\"";
				DEVELOPMENT_TEAM = 6W56PZLJZG;
				ENABLE_PREVIEWS = YES;
				GENERATE_INFOPLIST_FILE = YES;
				INFOPLIST_KEY_UIApplicationSceneManifest_Generation = YES;
				INFOPLIST_KEY_UIApplicationSupportsIndirectInputEvents = YES;
				INFOPLIST_KEY_UILaunchScreen_Generation = YES;
				INFOPLIST_KEY_UISupportedInterfaceOrientations_iPad = "UIInterfaceOrientationPortrait UIInterfaceOrientationPortraitUpsideDown UIInterfaceOrientationLandscapeLeft UIInterfaceOrientationLandscapeRight";
				INFOPLIST_KEY_UISupportedInterfaceOrientations_iPhone = "UIInterfaceOrientationPortrait UIInterfaceOrientationLandscapeLeft UIInterfaceOrientationLandscapeRight";
				LD_RUNPATH_SEARCH_PATHS = (
					"$(inherited)",
					"@executable_path/Frameworks",
				);
				MARKETING_VERSION = 1.0;
				PRODUCT_BUNDLE_IDENTIFIER = "com.pjb.den.probable-node";
				PRODUCT_NAME = "$(TARGET_NAME)";
				SWIFT_EMIT_LOC_STRINGS = YES;
				SWIFT_VERSION = 5.0;
				TARGETED_DEVICE_FAMILY = "1,2";
			};
			name = Debug;
		};
		B1336EDD2C683AF2003C632E /* Release */ = {
			isa = XCBuildConfiguration;
			baseConfigurationReference = F3A7AB539898021E3B057914 /* Pods-probable-node.release.xcconfig */;
			buildSettings = {
				ASSETCATALOG_COMPILER_APPICON_NAME = AppIcon;
				ASSETCATALOG_COMPILER_GLOBAL_ACCENT_COLOR_NAME = AccentColor;
				CODE_SIGN_STYLE = Automatic;
				CURRENT_PROJECT_VERSION = 1;
				DEVELOPMENT_ASSET_PATHS = "\"probable-node/Preview Content\"";
				DEVELOPMENT_TEAM = 6W56PZLJZG;
				ENABLE_PREVIEWS = YES;
				GENERATE_INFOPLIST_FILE = YES;
				INFOPLIST_KEY_UIApplicationSceneManifest_Generation = YES;
				INFOPLIST_KEY_UIApplicationSupportsIndirectInputEvents = YES;
				INFOPLIST_KEY_UILaunchScreen_Generation = YES;
				INFOPLIST_KEY_UISupportedInterfaceOrientations_iPad = "UIInterfaceOrientationPortrait UIInterfaceOrientationPortraitUpsideDown UIInterfaceOrientationLandscapeLeft UIInterfaceOrientationLandscapeRight";
				INFOPLIST_KEY_UISupportedInterfaceOrientations_iPhone = "UIInterfaceOrientationPortrait UIInterfaceOrientationLandscapeLeft UIInterfaceOrientationLandscapeRight";
				LD_RUNPATH_SEARCH_PATHS = (
					"$(inherited)",
					"@executable_path/Frameworks",
				);
				MARKETING_VERSION = 1.0;
				PRODUCT_BUNDLE_IDENTIFIER = "com.pjb.den.probable-node";
				PRODUCT_NAME = "$(TARGET_NAME)";
				SWIFT_EMIT_LOC_STRINGS = YES;
				SWIFT_VERSION = 5.0;
				TARGETED_DEVICE_FAMILY = "1,2";
			};
			name = Release;
		};
/* End XCBuildConfiguration section */

/* Begin XCConfigurationList section */
		B1336EC62C683AF1003C632E /* Build configuration list for PBXProject "probable-node" */ = {
			isa = XCConfigurationList;
			buildConfigurations = (
				B1336ED92C683AF2003C632E /* Debug */,
				B1336EDA2C683AF2003C632E /* Release */,
			);
			defaultConfigurationIsVisible = 0;
			defaultConfigurationName = Release;
		};
		B1336EDB2C683AF2003C632E /* Build configuration list for PBXNativeTarget "probable-node" */ = {
			isa = XCConfigurationList;
			buildConfigurations = (
				B1336EDC2C683AF2003C632E /* Debug */,
				B1336EDD2C683AF2003C632E /* Release */,
			);
			defaultConfigurationIsVisible = 0;
			defaultConfigurationName = Release;
		};
/* End XCConfigurationList section */

/* Begin XCRemoteSwiftPackageReference section */
		B1336EE02C683BB4003C632E /* XCRemoteSwiftPackageReference "socket" */ = {
			isa = XCRemoteSwiftPackageReference;
			repositoryURL = "https://github.com/socketio/socket.io-client-swift";
			requirement = {
				branch = master;
				kind = branch;
			};
		};
		B138EB9F2C6843B7000C0A98 /* XCRemoteSwiftPackageReference "aws-sdk-ios-spm" */ = {
			isa = XCRemoteSwiftPackageReference;
			repositoryURL = "https://github.com/aws-amplify/aws-sdk-ios-spm";
			requirement = {
				kind = upToNextMajorVersion;
				minimumVersion = 2.36.7;
			};
		};
/* End XCRemoteSwiftPackageReference section */

/* Begin XCSwiftPackageProductDependency section */
		B1336EE12C683BB4003C632E /* SocketIO */ = {
			isa = XCSwiftPackageProductDependency;
			package = B1336EE02C683BB4003C632E /* XCRemoteSwiftPackageReference "socket" */;
			productName = SocketIO;
		};
		B138EBA02C6843B7000C0A98 /* AWSCore */ = {
			isa = XCSwiftPackageProductDependency;
			package = B138EB9F2C6843B7000C0A98 /* XCRemoteSwiftPackageReference "aws-sdk-ios-spm" */;
			productName = AWSCore;
		};
		B138EBA22C6843B7000C0A98 /* AWSDynamoDB */ = {
			isa = XCSwiftPackageProductDependency;
			package = B138EB9F2C6843B7000C0A98 /* XCRemoteSwiftPackageReference "aws-sdk-ios-spm" */;
			productName = AWSDynamoDB;
		};
		B138EBA42C6843B7000C0A98 /* AWSRekognition */ = {
			isa = XCSwiftPackageProductDependency;
			package = B138EB9F2C6843B7000C0A98 /* XCRemoteSwiftPackageReference "aws-sdk-ios-spm" */;
			productName = AWSRekognition;
		};
		B138EBA62C6843B7000C0A98 /* AWSS3 */ = {
			isa = XCSwiftPackageProductDependency;
			package = B138EB9F2C6843B7000C0A98 /* XCRemoteSwiftPackageReference "aws-sdk-ios-spm" */;
			productName = AWSS3;
		};
/* End XCSwiftPackageProductDependency section */
	};
	rootObject = B1336EC32C683AF1003C632E /* Project object */;
}
